
Microsoft Visual Studio Solution File, Format Version 12.00
# Visual Studio Version 17
VisualStudioVersion = 17.1.32228.430
MinimumVisualStudioVersion = 10.0.40219.1
Project("{FAE04EC0-301F-11D3-BF4B-00C04F79EFBC}") = "AcademyManagementApp", "AcademyManagementApp\AcademyManagementApp.csproj", "{815EEA64-299A-47F4-87EE-616EBB315837}"
EndProject
Project("{FAE04EC0-301F-11D3-BF4B-00C04F79EFBC}") = "Model", "Model\Model.csproj", "{8B583AA9-FC3D-44BA-A333-F0EF3A1EFCF8}"
EndProject
Global
	GlobalSection(SolutionConfigurationPlatforms) = preSolution
		Debug|Any CPU = Debug|Any CPU
		Release|Any CPU = Release|Any CPU
	EndGlobalSection
	GlobalSection(ProjectConfigurationPlatforms) = postSolution
		{815EEA64-299A-47F4-87EE-616EBB315837}.Debug|Any CPU.ActiveCfg = Debug|Any CPU
		{815EEA64-299A-47F4-87EE-616EBB315837}.Debug|Any CPU.Build.0 = Debug|Any CPU
		{815EEA64-299A-47F4-87EE-616EBB315837}.Release|Any CPU.ActiveCfg = Release|Any CPU
		{815EEA64-299A-47F4-87EE-616EBB315837}.Release|Any CPU.Build.0 = Release|Any CPU
		{8B583AA9-FC3D-44BA-A333-F0EF3A1EFCF8}.Debug|Any CPU.ActiveCfg = Debug|Any CPU
		{8B583AA9-FC3D-44BA-A333-F0EF3A1EFCF8}.Debug|Any CPU.Build.0 = Debug|Any CPU
		{8B583AA9-FC3D-44BA-A333-F0EF3A1EFCF8}.Release|Any CPU.ActiveCfg = Release|Any CPU
		{8B583AA9-FC3D-44BA-A333-F0EF3A1EFCF8}.Release|Any CPU.Build.0 = Release|Any CPU
	EndGlobalSection
	GlobalSection(SolutionProperties) = preSolution
		HideSolutionNode = FALSE
	EndGlobalSection
	GlobalSection(ExtensibilityGlobals) = postSolution
		SolutionGuid = {A508B41B-6370-4828-8DCD-EC071EF3AAFD}
	EndGlobalSection
EndGlobal
