
Microsoft Visual Studio Solution File, Format Version 12.00
# Visual Studio Version 17
VisualStudioVersion = 17.1.32210.238
MinimumVisualStudioVersion = 10.0.40219.1
Project("{9A19103F-16F7-4668-BE54-9A1E7A4F7556}") = "Task 1 - Real Calculator", "Task 1\Task 1 - Real Calculator.csproj", "{151E6F75-26CD-420D-979C-1C6EFDF64A53}"
EndProject
Project("{FAE04EC0-301F-11D3-BF4B-00C04F79EFBC}") = "Task 2 - Average Number", "Task 2 - Average Number\Task 2 - Average Number.csproj", "{80768E4B-34A6-4749-ABEC-C5BE0E6AC89F}"
EndProject
Project("{FAE04EC0-301F-11D3-BF4B-00C04F79EFBC}") = "Task 3 - Swap Numbers", "Task 3 - Swap Numbers\Task 3 - Swap Numbers.csproj", "{A8C8B21E-C852-4BE0-8F92-1FD643FFDC1B}"
EndProject
Global
	GlobalSection(SolutionConfigurationPlatforms) = preSolution
		Debug|Any CPU = Debug|Any CPU
		Release|Any CPU = Release|Any CPU
	EndGlobalSection
	GlobalSection(ProjectConfigurationPlatforms) = postSolution
		{151E6F75-26CD-420D-979C-1C6EFDF64A53}.Debug|Any CPU.ActiveCfg = Debug|Any CPU
		{151E6F75-26CD-420D-979C-1C6EFDF64A53}.Debug|Any CPU.Build.0 = Debug|Any CPU
		{151E6F75-26CD-420D-979C-1C6EFDF64A53}.Release|Any CPU.ActiveCfg = Release|Any CPU
		{151E6F75-26CD-420D-979C-1C6EFDF64A53}.Release|Any CPU.Build.0 = Release|Any CPU
		{80768E4B-34A6-4749-ABEC-C5BE0E6AC89F}.Debug|Any CPU.ActiveCfg = Debug|Any CPU
		{80768E4B-34A6-4749-ABEC-C5BE0E6AC89F}.Debug|Any CPU.Build.0 = Debug|Any CPU
		{80768E4B-34A6-4749-ABEC-C5BE0E6AC89F}.Release|Any CPU.ActiveCfg = Release|Any CPU
		{80768E4B-34A6-4749-ABEC-C5BE0E6AC89F}.Release|Any CPU.Build.0 = Release|Any CPU
		{A8C8B21E-C852-4BE0-8F92-1FD643FFDC1B}.Debug|Any CPU.ActiveCfg = Debug|Any CPU
		{A8C8B21E-C852-4BE0-8F92-1FD643FFDC1B}.Debug|Any CPU.Build.0 = Debug|Any CPU
		{A8C8B21E-C852-4BE0-8F92-1FD643FFDC1B}.Release|Any CPU.ActiveCfg = Release|Any CPU
		{A8C8B21E-C852-4BE0-8F92-1FD643FFDC1B}.Release|Any CPU.Build.0 = Release|Any CPU
	EndGlobalSection
	GlobalSection(SolutionProperties) = preSolution
		HideSolutionNode = FALSE
	EndGlobalSection
	GlobalSection(ExtensibilityGlobals) = postSolution
		SolutionGuid = {8AF2A3A3-50E2-4E93-8CFC-F021E729986D}
	EndGlobalSection
EndGlobal
